
Microsoft Visual Studio Solution File, Format Version 11.00
# Visual Studio 2010
Project("{FAE04EC0-301F-11D3-BF4B-00C04F79EFBC}") = "Assembly-CSharp", "Assembly-CSharp.csproj", "{AF213A64-3FD4-51ED-F17D-443E3966D6BC}"
EndProject
Global
	GlobalSection(SolutionConfigurationPlatforms) = preSolution
		Debug|Any CPU = Debug|Any CPU
		Release|Any CPU = Release|Any CPU
	EndGlobalSection
	GlobalSection(ProjectConfigurationPlatforms) = postSolution
		{AF213A64-3FD4-51ED-F17D-443E3966D6BC}.Debug|Any CPU.ActiveCfg = Debug|Any CPU
		{AF213A64-3FD4-51ED-F17D-443E3966D6BC}.Debug|Any CPU.Build.0 = Debug|Any CPU
		{AF213A64-3FD4-51ED-F17D-443E3966D6BC}.Release|Any CPU.ActiveCfg = Release|Any CPU
		{AF213A64-3FD4-51ED-F17D-443E3966D6BC}.Release|Any CPU.Build.0 = Release|Any CPU
	EndGlobalSection
	GlobalSection(SolutionProperties) = preSolution
		HideSolutionNode = FALSE
	EndGlobalSection
EndGlobal
